
Microsoft Visual Studio Solution File, Format Version 12.00
# Visual Studio Version 17
VisualStudioVersion = 17.0.31903.59
MinimumVisualStudioVersion = 10.0.40219.1
Project("{2150E333-8FDC-42A3-9474-1A3956D46DE8}") = "src", "src", "{A7B0ED24-835C-46F4-8001-DA59A1DC1278}"
EndProject
Project("{2150E333-8FDC-42A3-9474-1A3956D46DE8}") = "Usuarios", "Usuarios", "{5FEFE524-CC98-4C01-86D5-0D74E05624E3}"
EndProject
Project("{FAE04EC0-301F-11D3-BF4B-00C04F79EFBC}") = "Usuarios.Domain", "src\Usuarios\Usuarios.Domain\Usuarios.Domain.csproj", "{AF78D675-444B-4B43-A5B1-96D5B003BCFB}"
EndProject
Project("{FAE04EC0-301F-11D3-BF4B-00C04F79EFBC}") = "Usuarios.Application", "src\Usuarios\Usuarios.Application\Usuarios.Application.csproj", "{A9266B42-64D6-4C6A-9801-EE398F450737}"
EndProject
Project("{FAE04EC0-301F-11D3-BF4B-00C04F79EFBC}") = "Usuarios.Infraestructure", "src\Usuarios\Usuarios.Infraestructure\Usuarios.Infraestructure.csproj", "{3A1D1C3D-A7F9-48EE-8FA4-306365AF1CAD}"
EndProject
Project("{FAE04EC0-301F-11D3-BF4B-00C04F79EFBC}") = "Usuarios.Api", "src\Usuarios\Usuarios.Api\Usuarios.Api.csproj", "{576FA5A8-2F30-431D-B985-9F8C58B83AAF}"
EndProject
Project("{2150E333-8FDC-42A3-9474-1A3956D46DE8}") = "Cursos", "Cursos", "{B6D00BF9-7921-4592-B84F-94ACEE37CE3A}"
EndProject
Project("{FAE04EC0-301F-11D3-BF4B-00C04F79EFBC}") = "Cursos.Domain", "src\Cursos\Cursos.Domain\Cursos.Domain.csproj", "{92A38391-A594-40CB-AF38-C0113FDF2F39}"
EndProject
Project("{FAE04EC0-301F-11D3-BF4B-00C04F79EFBC}") = "Cursos.Application", "src\Cursos\Cursos.Application\Cursos.Application.csproj", "{3ECA4586-126F-42C1-BCB1-B353D80F7B6A}"
EndProject
Project("{FAE04EC0-301F-11D3-BF4B-00C04F79EFBC}") = "Cursos.Infraestructure", "src\Cursos\Cursos.Infraestructure\Cursos.Infraestructure.csproj", "{4109AD04-88B4-4A99-9560-983F706880B7}"
EndProject
Project("{FAE04EC0-301F-11D3-BF4B-00C04F79EFBC}") = "Cursos.Api", "src\Cursos\Cursos.Api\Cursos.Api.csproj", "{252C7679-293F-45FF-ACBB-B9BB1D81982D}"
EndProject
Project("{2150E333-8FDC-42A3-9474-1A3956D46DE8}") = "Docentes", "Docentes", "{9BA14A5B-A1F2-4093-8E95-323F6B033B2F}"
EndProject
Project("{FAE04EC0-301F-11D3-BF4B-00C04F79EFBC}") = "Docentes.Domain", "src\Docentes\Docentes.Domain\Docentes.Domain.csproj", "{C9A2A0CC-A8CF-4E5D-8ACD-0382FEB6330D}"
EndProject
Project("{FAE04EC0-301F-11D3-BF4B-00C04F79EFBC}") = "Docentes.Application", "src\Docentes\Docentes.Application\Docentes.Application.csproj", "{11C8EDC8-2C24-44FE-BB21-B2884BBB5608}"
EndProject
Project("{FAE04EC0-301F-11D3-BF4B-00C04F79EFBC}") = "Docentes.Infraestructure", "src\Docentes\Docentes.Infraestructure\Docentes.Infraestructure.csproj", "{8FACA5C2-8612-48C0-91DE-730AA10CEACC}"
EndProject
Project("{FAE04EC0-301F-11D3-BF4B-00C04F79EFBC}") = "Docentes.Api", "src\Docentes\Docentes.Api\Docentes.Api.csproj", "{E8773288-532B-48A2-87B0-620CD43782D7}"
EndProject
Project("{2150E333-8FDC-42A3-9474-1A3956D46DE8}") = "test", "test", "{2B1A0046-21B7-4587-ADD7-14DD807B3562}"
EndProject
Project("{2150E333-8FDC-42A3-9474-1A3956D46DE8}") = "Docentes", "Docentes", "{648FA35B-ECCF-427A-AD4E-7E94F6B1BE83}"
EndProject
Project("{FAE04EC0-301F-11D3-BF4B-00C04F79EFBC}") = "Docentes.Domain.Test", "test\Docentes\Docentes.Domain.Test\Docentes.Domain.Test.csproj", "{99DEDF74-AAB4-47EC-99C2-7B6864FBD383}"
EndProject
Project("{FAE04EC0-301F-11D3-BF4B-00C04F79EFBC}") = "Docentes.Application.Test", "test\Docentes\Docentes.Application.Test\Docentes.Application.Test.csproj", "{A742DFE9-96D2-4A7B-8385-56822CF271A6}"
EndProject
Global
	GlobalSection(SolutionConfigurationPlatforms) = preSolution
		Debug|Any CPU = Debug|Any CPU
		Release|Any CPU = Release|Any CPU
	EndGlobalSection
	GlobalSection(SolutionProperties) = preSolution
		HideSolutionNode = FALSE
	EndGlobalSection
	GlobalSection(ProjectConfigurationPlatforms) = postSolution
		{AF78D675-444B-4B43-A5B1-96D5B003BCFB}.Debug|Any CPU.ActiveCfg = Debug|Any CPU
		{AF78D675-444B-4B43-A5B1-96D5B003BCFB}.Debug|Any CPU.Build.0 = Debug|Any CPU
		{AF78D675-444B-4B43-A5B1-96D5B003BCFB}.Release|Any CPU.ActiveCfg = Release|Any CPU
		{AF78D675-444B-4B43-A5B1-96D5B003BCFB}.Release|Any CPU.Build.0 = Release|Any CPU
		{A9266B42-64D6-4C6A-9801-EE398F450737}.Debug|Any CPU.ActiveCfg = Debug|Any CPU
		{A9266B42-64D6-4C6A-9801-EE398F450737}.Debug|Any CPU.Build.0 = Debug|Any CPU
		{A9266B42-64D6-4C6A-9801-EE398F450737}.Release|Any CPU.ActiveCfg = Release|Any CPU
		{A9266B42-64D6-4C6A-9801-EE398F450737}.Release|Any CPU.Build.0 = Release|Any CPU
		{3A1D1C3D-A7F9-48EE-8FA4-306365AF1CAD}.Debug|Any CPU.ActiveCfg = Debug|Any CPU
		{3A1D1C3D-A7F9-48EE-8FA4-306365AF1CAD}.Debug|Any CPU.Build.0 = Debug|Any CPU
		{3A1D1C3D-A7F9-48EE-8FA4-306365AF1CAD}.Release|Any CPU.ActiveCfg = Release|Any CPU
		{3A1D1C3D-A7F9-48EE-8FA4-306365AF1CAD}.Release|Any CPU.Build.0 = Release|Any CPU
		{576FA5A8-2F30-431D-B985-9F8C58B83AAF}.Debug|Any CPU.ActiveCfg = Debug|Any CPU
		{576FA5A8-2F30-431D-B985-9F8C58B83AAF}.Debug|Any CPU.Build.0 = Debug|Any CPU
		{576FA5A8-2F30-431D-B985-9F8C58B83AAF}.Release|Any CPU.ActiveCfg = Release|Any CPU
		{576FA5A8-2F30-431D-B985-9F8C58B83AAF}.Release|Any CPU.Build.0 = Release|Any CPU
		{92A38391-A594-40CB-AF38-C0113FDF2F39}.Debug|Any CPU.ActiveCfg = Debug|Any CPU
		{92A38391-A594-40CB-AF38-C0113FDF2F39}.Debug|Any CPU.Build.0 = Debug|Any CPU
		{92A38391-A594-40CB-AF38-C0113FDF2F39}.Release|Any CPU.ActiveCfg = Release|Any CPU
		{92A38391-A594-40CB-AF38-C0113FDF2F39}.Release|Any CPU.Build.0 = Release|Any CPU
		{3ECA4586-126F-42C1-BCB1-B353D80F7B6A}.Debug|Any CPU.ActiveCfg = Debug|Any CPU
		{3ECA4586-126F-42C1-BCB1-B353D80F7B6A}.Debug|Any CPU.Build.0 = Debug|Any CPU
		{3ECA4586-126F-42C1-BCB1-B353D80F7B6A}.Release|Any CPU.ActiveCfg = Release|Any CPU
		{3ECA4586-126F-42C1-BCB1-B353D80F7B6A}.Release|Any CPU.Build.0 = Release|Any CPU
		{4109AD04-88B4-4A99-9560-983F706880B7}.Debug|Any CPU.ActiveCfg = Debug|Any CPU
		{4109AD04-88B4-4A99-9560-983F706880B7}.Debug|Any CPU.Build.0 = Debug|Any CPU
		{4109AD04-88B4-4A99-9560-983F706880B7}.Release|Any CPU.ActiveCfg = Release|Any CPU
		{4109AD04-88B4-4A99-9560-983F706880B7}.Release|Any CPU.Build.0 = Release|Any CPU
		{252C7679-293F-45FF-ACBB-B9BB1D81982D}.Debug|Any CPU.ActiveCfg = Debug|Any CPU
		{252C7679-293F-45FF-ACBB-B9BB1D81982D}.Debug|Any CPU.Build.0 = Debug|Any CPU
		{252C7679-293F-45FF-ACBB-B9BB1D81982D}.Release|Any CPU.ActiveCfg = Release|Any CPU
		{252C7679-293F-45FF-ACBB-B9BB1D81982D}.Release|Any CPU.Build.0 = Release|Any CPU
		{C9A2A0CC-A8CF-4E5D-8ACD-0382FEB6330D}.Debug|Any CPU.ActiveCfg = Debug|Any CPU
		{C9A2A0CC-A8CF-4E5D-8ACD-0382FEB6330D}.Debug|Any CPU.Build.0 = Debug|Any CPU
		{C9A2A0CC-A8CF-4E5D-8ACD-0382FEB6330D}.Release|Any CPU.ActiveCfg = Release|Any CPU
		{C9A2A0CC-A8CF-4E5D-8ACD-0382FEB6330D}.Release|Any CPU.Build.0 = Release|Any CPU
		{11C8EDC8-2C24-44FE-BB21-B2884BBB5608}.Debug|Any CPU.ActiveCfg = Debug|Any CPU
		{11C8EDC8-2C24-44FE-BB21-B2884BBB5608}.Debug|Any CPU.Build.0 = Debug|Any CPU
		{11C8EDC8-2C24-44FE-BB21-B2884BBB5608}.Release|Any CPU.ActiveCfg = Release|Any CPU
		{11C8EDC8-2C24-44FE-BB21-B2884BBB5608}.Release|Any CPU.Build.0 = Release|Any CPU
		{8FACA5C2-8612-48C0-91DE-730AA10CEACC}.Debug|Any CPU.ActiveCfg = Debug|Any CPU
		{8FACA5C2-8612-48C0-91DE-730AA10CEACC}.Debug|Any CPU.Build.0 = Debug|Any CPU
		{8FACA5C2-8612-48C0-91DE-730AA10CEACC}.Release|Any CPU.ActiveCfg = Release|Any CPU
		{8FACA5C2-8612-48C0-91DE-730AA10CEACC}.Release|Any CPU.Build.0 = Release|Any CPU
		{E8773288-532B-48A2-87B0-620CD43782D7}.Debug|Any CPU.ActiveCfg = Debug|Any CPU
		{E8773288-532B-48A2-87B0-620CD43782D7}.Debug|Any CPU.Build.0 = Debug|Any CPU
		{E8773288-532B-48A2-87B0-620CD43782D7}.Release|Any CPU.ActiveCfg = Release|Any CPU
		{E8773288-532B-48A2-87B0-620CD43782D7}.Release|Any CPU.Build.0 = Release|Any CPU
		{99DEDF74-AAB4-47EC-99C2-7B6864FBD383}.Debug|Any CPU.ActiveCfg = Debug|Any CPU
		{99DEDF74-AAB4-47EC-99C2-7B6864FBD383}.Debug|Any CPU.Build.0 = Debug|Any CPU
		{99DEDF74-AAB4-47EC-99C2-7B6864FBD383}.Release|Any CPU.ActiveCfg = Release|Any CPU
		{99DEDF74-AAB4-47EC-99C2-7B6864FBD383}.Release|Any CPU.Build.0 = Release|Any CPU
		{A742DFE9-96D2-4A7B-8385-56822CF271A6}.Debug|Any CPU.ActiveCfg = Debug|Any CPU
		{A742DFE9-96D2-4A7B-8385-56822CF271A6}.Debug|Any CPU.Build.0 = Debug|Any CPU
		{A742DFE9-96D2-4A7B-8385-56822CF271A6}.Release|Any CPU.ActiveCfg = Release|Any CPU
		{A742DFE9-96D2-4A7B-8385-56822CF271A6}.Release|Any CPU.Build.0 = Release|Any CPU
	EndGlobalSection
	GlobalSection(NestedProjects) = preSolution
		{5FEFE524-CC98-4C01-86D5-0D74E05624E3} = {A7B0ED24-835C-46F4-8001-DA59A1DC1278}
		{AF78D675-444B-4B43-A5B1-96D5B003BCFB} = {5FEFE524-CC98-4C01-86D5-0D74E05624E3}
		{A9266B42-64D6-4C6A-9801-EE398F450737} = {5FEFE524-CC98-4C01-86D5-0D74E05624E3}
		{3A1D1C3D-A7F9-48EE-8FA4-306365AF1CAD} = {5FEFE524-CC98-4C01-86D5-0D74E05624E3}
		{576FA5A8-2F30-431D-B985-9F8C58B83AAF} = {5FEFE524-CC98-4C01-86D5-0D74E05624E3}
		{B6D00BF9-7921-4592-B84F-94ACEE37CE3A} = {A7B0ED24-835C-46F4-8001-DA59A1DC1278}
		{92A38391-A594-40CB-AF38-C0113FDF2F39} = {B6D00BF9-7921-4592-B84F-94ACEE37CE3A}
		{3ECA4586-126F-42C1-BCB1-B353D80F7B6A} = {B6D00BF9-7921-4592-B84F-94ACEE37CE3A}
		{4109AD04-88B4-4A99-9560-983F706880B7} = {B6D00BF9-7921-4592-B84F-94ACEE37CE3A}
		{252C7679-293F-45FF-ACBB-B9BB1D81982D} = {B6D00BF9-7921-4592-B84F-94ACEE37CE3A}
		{9BA14A5B-A1F2-4093-8E95-323F6B033B2F} = {A7B0ED24-835C-46F4-8001-DA59A1DC1278}
		{C9A2A0CC-A8CF-4E5D-8ACD-0382FEB6330D} = {9BA14A5B-A1F2-4093-8E95-323F6B033B2F}
		{11C8EDC8-2C24-44FE-BB21-B2884BBB5608} = {9BA14A5B-A1F2-4093-8E95-323F6B033B2F}
		{8FACA5C2-8612-48C0-91DE-730AA10CEACC} = {9BA14A5B-A1F2-4093-8E95-323F6B033B2F}
		{E8773288-532B-48A2-87B0-620CD43782D7} = {9BA14A5B-A1F2-4093-8E95-323F6B033B2F}
		{648FA35B-ECCF-427A-AD4E-7E94F6B1BE83} = {2B1A0046-21B7-4587-ADD7-14DD807B3562}
		{99DEDF74-AAB4-47EC-99C2-7B6864FBD383} = {648FA35B-ECCF-427A-AD4E-7E94F6B1BE83}
		{A742DFE9-96D2-4A7B-8385-56822CF271A6} = {648FA35B-ECCF-427A-AD4E-7E94F6B1BE83}
	EndGlobalSection
EndGlobal
